
Microsoft Visual Studio Solution File, Format Version 12.00
# Visual Studio Version 17
VisualStudioVersion = 17.10.34916.146
MinimumVisualStudioVersion = 10.0.40219.1
Project("{9A19103F-16F7-4668-BE54-9A1E7A4F7556}") = "UJP6TH_HSZF_2024251.Console", "UJP6TH_HSZF_2024251.Console\UJP6TH_HSZF_2024251.Console.csproj", "{A2BC493A-431B-4CB4-BE04-45E97BC091DD}"
EndProject
Project("{9A19103F-16F7-4668-BE54-9A1E7A4F7556}") = "UJP6TH_HSZF_2024251.Model", "UJP6TH_HSZF_2024251.Model\UJP6TH_HSZF_2024251.Model.csproj", "{319A509A-67C6-4442-9195-47DE243E00E2}"
EndProject
Project("{9A19103F-16F7-4668-BE54-9A1E7A4F7556}") = "UJP6TH_HSZF_2024251.Persistence.MsSql", "UJP6TH_HSZF_2024251.Persistence.MsSql\UJP6TH_HSZF_2024251.Persistence.MsSql.csproj", "{8338E472-8E59-4D06-AD2D-20AD9C3C9C97}"
EndProject
Project("{9A19103F-16F7-4668-BE54-9A1E7A4F7556}") = "UJP6TH_HSZF_2024251.Test", "UJP6TH_HSZF_2024251.Test\UJP6TH_HSZF_2024251.Test.csproj", "{B3BCAEF3-D219-4C58-8FA9-4B803D039EDC}"
EndProject
Project("{2150E333-8FDC-42A3-9474-1A3956D46DE8}") = "Application", "Application", "{9146AC57-9021-48F9-822B-77517E49686E}"
EndProject
Project("{2150E333-8FDC-42A3-9474-1A3956D46DE8}") = "Domain", "Domain", "{08A20426-A336-451B-BD86-1C6203D9E115}"
EndProject
Project("{2150E333-8FDC-42A3-9474-1A3956D46DE8}") = "Infrastructure", "Infrastructure", "{757D87E5-E017-4F24-98EE-4239ED24C1A2}"
EndProject
Project("{2150E333-8FDC-42A3-9474-1A3956D46DE8}") = "Presentation", "Presentation", "{DA7EDBC4-4744-420C-A177-C6436E519AAE}"
EndProject
Project("{2150E333-8FDC-42A3-9474-1A3956D46DE8}") = "Tests", "Tests", "{5C1F83F0-B0BD-4436-9757-3824D38A6596}"
EndProject
Project("{9A19103F-16F7-4668-BE54-9A1E7A4F7556}") = "UJP6TH_HSZF_2024251.Application", "UJP6TH_HSZF_2024251.Application\UJP6TH_HSZF_2024251.Application.csproj", "{73191E81-0497-4084-8403-42B944A83383}"
EndProject
Project("{2150E333-8FDC-42A3-9474-1A3956D46DE8}") = "Solution Items", "Solution Items", "{540F2EEA-B593-4DC3-9346-4957A2AFFEBB}"
	ProjectSection(SolutionItems) = preProject
		.editorconfig = .editorconfig
	EndProjectSection
EndProject
Global
	GlobalSection(SolutionConfigurationPlatforms) = preSolution
		Debug|Any CPU = Debug|Any CPU
		Release|Any CPU = Release|Any CPU
	EndGlobalSection
	GlobalSection(ProjectConfigurationPlatforms) = postSolution
		{A2BC493A-431B-4CB4-BE04-45E97BC091DD}.Debug|Any CPU.ActiveCfg = Debug|Any CPU
		{A2BC493A-431B-4CB4-BE04-45E97BC091DD}.Debug|Any CPU.Build.0 = Debug|Any CPU
		{A2BC493A-431B-4CB4-BE04-45E97BC091DD}.Release|Any CPU.ActiveCfg = Release|Any CPU
		{A2BC493A-431B-4CB4-BE04-45E97BC091DD}.Release|Any CPU.Build.0 = Release|Any CPU
		{319A509A-67C6-4442-9195-47DE243E00E2}.Debug|Any CPU.ActiveCfg = Debug|Any CPU
		{319A509A-67C6-4442-9195-47DE243E00E2}.Debug|Any CPU.Build.0 = Debug|Any CPU
		{319A509A-67C6-4442-9195-47DE243E00E2}.Release|Any CPU.ActiveCfg = Release|Any CPU
		{319A509A-67C6-4442-9195-47DE243E00E2}.Release|Any CPU.Build.0 = Release|Any CPU
		{8338E472-8E59-4D06-AD2D-20AD9C3C9C97}.Debug|Any CPU.ActiveCfg = Debug|Any CPU
		{8338E472-8E59-4D06-AD2D-20AD9C3C9C97}.Debug|Any CPU.Build.0 = Debug|Any CPU
		{8338E472-8E59-4D06-AD2D-20AD9C3C9C97}.Release|Any CPU.ActiveCfg = Release|Any CPU
		{8338E472-8E59-4D06-AD2D-20AD9C3C9C97}.Release|Any CPU.Build.0 = Release|Any CPU
		{B3BCAEF3-D219-4C58-8FA9-4B803D039EDC}.Debug|Any CPU.ActiveCfg = Debug|Any CPU
		{B3BCAEF3-D219-4C58-8FA9-4B803D039EDC}.Debug|Any CPU.Build.0 = Debug|Any CPU
		{B3BCAEF3-D219-4C58-8FA9-4B803D039EDC}.Release|Any CPU.ActiveCfg = Release|Any CPU
		{B3BCAEF3-D219-4C58-8FA9-4B803D039EDC}.Release|Any CPU.Build.0 = Release|Any CPU
		{73191E81-0497-4084-8403-42B944A83383}.Debug|Any CPU.ActiveCfg = Debug|Any CPU
		{73191E81-0497-4084-8403-42B944A83383}.Debug|Any CPU.Build.0 = Debug|Any CPU
		{73191E81-0497-4084-8403-42B944A83383}.Release|Any CPU.ActiveCfg = Release|Any CPU
		{73191E81-0497-4084-8403-42B944A83383}.Release|Any CPU.Build.0 = Release|Any CPU
	EndGlobalSection
	GlobalSection(SolutionProperties) = preSolution
		HideSolutionNode = FALSE
	EndGlobalSection
	GlobalSection(NestedProjects) = preSolution
		{A2BC493A-431B-4CB4-BE04-45E97BC091DD} = {DA7EDBC4-4744-420C-A177-C6436E519AAE}
		{319A509A-67C6-4442-9195-47DE243E00E2} = {08A20426-A336-451B-BD86-1C6203D9E115}
		{8338E472-8E59-4D06-AD2D-20AD9C3C9C97} = {757D87E5-E017-4F24-98EE-4239ED24C1A2}
		{B3BCAEF3-D219-4C58-8FA9-4B803D039EDC} = {5C1F83F0-B0BD-4436-9757-3824D38A6596}
		{73191E81-0497-4084-8403-42B944A83383} = {9146AC57-9021-48F9-822B-77517E49686E}
	EndGlobalSection
	GlobalSection(ExtensibilityGlobals) = postSolution
		SolutionGuid = {DE6AE0DA-4145-4810-ABBA-3256D3A41867}
	EndGlobalSection
EndGlobal
